{
  "requires": true,
  "lockfileVersion": 1,
  "dependencies": {
    "@angular2-material/button": {
      "version": "2.0.0-alpha.8-3",
      "resolved": "https://registry.npmjs.org/@angular2-material/button/-/button-2.0.0-alpha.8-3.tgz",
      "integrity": "sha1-48FGK4OfxyrfMmuNniY3wYPSSz4="
    },
    "@angular2-material/card": {
      "version": "2.0.0-alpha.8-3",
      "resolved": "https://registry.npmjs.org/@angular2-material/card/-/card-2.0.0-alpha.8-3.tgz",
      "integrity": "sha1-CJIpb27LKWAy0lZq7YnzjMtIlac="
    },
    "@angular2-material/core": {
      "version": "2.0.0-alpha.8-3",
      "resolved": "https://registry.npmjs.org/@angular2-material/core/-/core-2.0.0-alpha.8-3.tgz",
      "integrity": "sha1-QizjuTn8+IuiJqw8mIKBPXarmm0="
    },
    "@angular2-material/icon": {
      "version": "2.0.0-alpha.8-3",
      "resolved": "https://registry.npmjs.org/@angular2-material/icon/-/icon-2.0.0-alpha.8-3.tgz",
      "integrity": "sha1-I3HX16L/eHJIfe0jP1wExbHU1wQ="
    },
    "hammerjs": {
      "version": "2.0.8",
      "resolved": "https://registry.npmjs.org/hammerjs/-/hammerjs-2.0.8.tgz",
      "integrity": "sha1-BO93hiz/K7edMPdpIJWTAiK/YPE="
    }
  }
}
