{
  "name": "todo-list",
  "version": "1.0.0",
  "lockfileVersion": 1,
  "requires": true,
  "dependencies": {
    "commander": {
      "version": "2.9.0",
      "resolved": "https://registry.npmjs.org/commander/-/commander-2.9.0.tgz",
      "integrity": "sha1-nJkJQXbhIkDLItbFFGCYQA/g99Q=",
      "requires": {
        "graceful-readlink": "1.0.1"
      }
    },
    "core-util-is": {
      "version": "1.0.2",
      "resolved": "https://registry.npmjs.org/core-util-is/-/core-util-is-1.0.2.tgz",
      "integrity": "sha1-tf1UIgqivFq1eqtxQMlAdUUDwac="
    },
    "glogg": {
      "version": "1.0.0",
      "resolved": "https://registry.npmjs.org/glogg/-/glogg-1.0.0.tgz",
      "integrity": "sha1-f+DxmfV6yQbPUS/urY+Q7kooT8U=",
      "requires": {
        "sparkles": "1.0.0"
      }
    },
    "graceful-readlink": {
      "version": "1.0.1",
      "resolved": "https://registry.npmjs.org/graceful-readlink/-/graceful-readlink-1.0.1.tgz",
      "integrity": "sha1-TK+tdrxi8C+gObL5Tpo906ORpyU="
    },
    "gulp-uglify": {
      "version": "3.0.0",
      "resolved": "https://registry.npmjs.org/gulp-uglify/-/gulp-uglify-3.0.0.tgz",
      "integrity": "sha1-DfAzHXKg0wLj434QlIXd3zPG0co=",
      "requires": {
        "gulplog": "1.0.0",
        "has-gulplog": "0.1.0",
        "lodash": "4.17.4",
        "make-error-cause": "1.2.2",
        "through2": "2.0.3",
        "uglify-js": "3.0.25",
        "vinyl-sourcemaps-apply": "0.2.1"
      }
    },
    "gulplog": {
      "version": "1.0.0",
      "resolved": "https://registry.npmjs.org/gulplog/-/gulplog-1.0.0.tgz",
      "integrity": "sha1-4oxNRdBey77YGDY86PnFkmIp/+U=",
      "requires": {
        "glogg": "1.0.0"
      }
    },
    "has-gulplog": {
      "version": "0.1.0",
      "resolved": "https://registry.npmjs.org/has-gulplog/-/has-gulplog-0.1.0.tgz",
      "integrity": "sha1-ZBTIKRNpfaUVkDl9r7EvIpZ4Ec4=",
      "requires": {
        "sparkles": "1.0.0"
      }
    },
    "inherits": {
      "version": "2.0.3",
      "resolved": "https://registry.npmjs.org/inherits/-/inherits-2.0.3.tgz",
      "integrity": "sha1-Yzwsg+PaQqUC9SRmAiSA9CCCYd4="
    },
    "isarray": {
      "version": "1.0.0",
      "resolved": "https://registry.npmjs.org/isarray/-/isarray-1.0.0.tgz",
      "integrity": "sha1-u5NdSFgsuhaMBoNJV6VKPgcSTxE="
    },
    "lodash": {
      "version": "4.17.4",
      "resolved": "https://registry.npmjs.org/lodash/-/lodash-4.17.4.tgz",
      "integrity": "sha1-eCA6TRwyiuHYbcpkYONptX9AVa4="
    },
    "make-error": {
      "version": "1.3.0",
      "resolved": "https://registry.npmjs.org/make-error/-/make-error-1.3.0.tgz",
      "integrity": "sha1-Uq06M5zPEM5itAQLcI/nByRLi5Y="
    },
    "make-error-cause": {
      "version": "1.2.2",
      "resolved": "https://registry.npmjs.org/make-error-cause/-/make-error-cause-1.2.2.tgz",
      "integrity": "sha1-3wOI/NCzeBbf8KX7gQiTl3fcvJ0=",
      "requires": {
        "make-error": "1.3.0"
      }
    },
    "process-nextick-args": {
      "version": "1.0.7",
      "resolved": "https://registry.npmjs.org/process-nextick-args/-/process-nextick-args-1.0.7.tgz",
      "integrity": "sha1-FQ4gt1ZZCtP5EJPyWk8q2L/zC6M="
    },
    "readable-stream": {
      "version": "2.3.3",
      "resolved": "https://registry.npmjs.org/readable-stream/-/readable-stream-2.3.3.tgz",
      "integrity": "sha512-m+qzzcn7KUxEmd1gMbchF+Y2eIUbieUaxkWtptyHywrX0rE8QEYqPC07Vuy4Wm32/xE16NcdBctb8S0Xe/5IeQ==",
      "requires": {
        "core-util-is": "1.0.2",
        "inherits": "2.0.3",
        "isarray": "1.0.0",
        "process-nextick-args": "1.0.7",
        "safe-buffer": "5.1.1",
        "string_decoder": "1.0.3",
        "util-deprecate": "1.0.2"
      }
    },
    "safe-buffer": {
      "version": "5.1.1",
      "resolved": "https://registry.npmjs.org/safe-buffer/-/safe-buffer-5.1.1.tgz",
      "integrity": "sha512-kKvNJn6Mm93gAczWVJg7wH+wGYWNrDHdWvpUmHyEsgCtIwwo3bqPtV4tR5tuPaUhTOo/kvhVwd8XwwOllGYkbg=="
    },
    "source-map": {
      "version": "0.5.6",
      "resolved": "https://registry.npmjs.org/source-map/-/source-map-0.5.6.tgz",
      "integrity": "sha1-dc449SvwczxafwwRjYEzSiu19BI="
    },
    "sparkles": {
      "version": "1.0.0",
      "resolved": "https://registry.npmjs.org/sparkles/-/sparkles-1.0.0.tgz",
      "integrity": "sha1-Gsu/tZJDbRC76PeFt8xvgoFQEsM="
    },
    "string_decoder": {
      "version": "1.0.3",
      "resolved": "https://registry.npmjs.org/string_decoder/-/string_decoder-1.0.3.tgz",
      "integrity": "sha512-4AH6Z5fzNNBcH+6XDMfA/BTt87skxqJlO0lAh3Dker5zThcAxG6mKz+iGu308UKoPPQ8Dcqx/4JhujzltRa+hQ==",
      "requires": {
        "safe-buffer": "5.1.1"
      }
    },
    "through2": {
      "version": "2.0.3",
      "resolved": "https://registry.npmjs.org/through2/-/through2-2.0.3.tgz",
      "integrity": "sha1-AARWmzfHx0ujnEPzzteNGtlBQL4=",
      "requires": {
        "readable-stream": "2.3.3",
        "xtend": "4.0.1"
      }
    },
    "uglify-js": {
      "version": "3.0.25",
      "resolved": "https://registry.npmjs.org/uglify-js/-/uglify-js-3.0.25.tgz",
      "integrity": "sha512-JO1XE0WZ9m6UpDkN7WCyPNAWI6EN3K0g40ekcoJKejViYmryJ0BaLxXjvra1IsAeIlJfq72scTbhl0jknsT2GA==",
      "requires": {
        "commander": "2.9.0",
        "source-map": "0.5.6"
      }
    },
    "util-deprecate": {
      "version": "1.0.2",
      "resolved": "https://registry.npmjs.org/util-deprecate/-/util-deprecate-1.0.2.tgz",
      "integrity": "sha1-RQ1Nyfpw3nMnYvvS1KKJgUGaDM8="
    },
    "vinyl-sourcemaps-apply": {
      "version": "0.2.1",
      "resolved": "https://registry.npmjs.org/vinyl-sourcemaps-apply/-/vinyl-sourcemaps-apply-0.2.1.tgz",
      "integrity": "sha1-q2VJ1h0XLCsbh75cUI0jnI74dwU=",
      "requires": {
        "source-map": "0.5.6"
      }
    },
    "xtend": {
      "version": "4.0.1",
      "resolved": "https://registry.npmjs.org/xtend/-/xtend-4.0.1.tgz",
      "integrity": "sha1-pcbVMr5lbiPbgg77lDofBJmNY68="
    }
  }
}
